
Microsoft Visual Studio Solution File, Format Version 12.00
# Visual Studio Version 17
VisualStudioVersion = 17.0.31903.59
MinimumVisualStudioVersion = 10.0.40219.1
Project("{2150E333-8FDC-42A3-9474-1A3956D46DE8}") = "src", "src", "{FBEDE074-B128-4789-86EA-D2DEF4C464D8}"
EndProject
Project("{FAE04EC0-301F-11D3-BF4B-00C04F79EFBC}") = "Loquens.WebApi", "src\WebApi\Loquens.WebApi.csproj", "{71854BA3-B4D0-4D0D-95D0-6563AB8F646C}"
EndProject
Global
	GlobalSection(SolutionConfigurationPlatforms) = preSolution
		Debug|Any CPU = Debug|Any CPU
		Release|Any CPU = Release|Any CPU
	EndGlobalSection
	GlobalSection(SolutionProperties) = preSolution
		HideSolutionNode = FALSE
	EndGlobalSection
	GlobalSection(ProjectConfigurationPlatforms) = postSolution
		{71854BA3-B4D0-4D0D-95D0-6563AB8F646C}.Debug|Any CPU.ActiveCfg = Debug|Any CPU
		{71854BA3-B4D0-4D0D-95D0-6563AB8F646C}.Debug|Any CPU.Build.0 = Debug|Any CPU
		{71854BA3-B4D0-4D0D-95D0-6563AB8F646C}.Release|Any CPU.ActiveCfg = Release|Any CPU
		{71854BA3-B4D0-4D0D-95D0-6563AB8F646C}.Release|Any CPU.Build.0 = Release|Any CPU
	EndGlobalSection
	GlobalSection(NestedProjects) = preSolution
		{71854BA3-B4D0-4D0D-95D0-6563AB8F646C} = {FBEDE074-B128-4789-86EA-D2DEF4C464D8}
	EndGlobalSection
EndGlobal
